// !$*UTF8*$!
{
	archiveVersion = 1;
	classes = {
	};
	objectVersion = 50;
	objects = {

/* Begin PBXBuildFile section */
		F70B3ADE2148043E000F8823 /* ZYQColorViewController.xib in Resources */ = {isa = PBXBuildFile; fileRef = F70B3ADB2148043E000F8823 /* ZYQColorViewController.xib */; };
		F70B3ADF2148043E000F8823 /* ZYQColorViewController.m in Sources */ = {isa = PBXBuildFile; fileRef = F70B3ADD2148043E000F8823 /* ZYQColorViewController.m */; };
		F70B3AE321480598000F8823 /* NSDate+ZYQDate.m in Sources */ = {isa = PBXBuildFile; fileRef = F70B3AE221480598000F8823 /* NSDate+ZYQDate.m */; };
		F70B3AE42148073C000F8823 /* UIColor+ZYQColor.m in Sources */ = {isa = PBXBuildFile; fileRef = F70B3AD8214802E4000F8823 /* UIColor+ZYQColor.m */; };
		F70B3AE521480768000F8823 /* UIColor+ZYQDemoColor.m in Sources */ = {isa = PBXBuildFile; fileRef = F76489872140116A0020F56C /* UIColor+ZYQDemoColor.m */; };
		F70B3AEA2148085E000F8823 /* ZYQDateViewController.xib in Resources */ = {isa = PBXBuildFile; fileRef = F70B3AE72148085D000F8823 /* ZYQDateViewController.xib */; };
		F70B3AEB2148085E000F8823 /* ZYQDateViewController.m in Sources */ = {isa = PBXBuildFile; fileRef = F70B3AE92148085E000F8823 /* ZYQDateViewController.m */; };
		F70B3AF021480F2E000F8823 /* ZYQViewController.m in Sources */ = {isa = PBXBuildFile; fileRef = F70B3AEE21480F2E000F8823 /* ZYQViewController.m */; };
		F70B3AF121480F2E000F8823 /* ZYQViewController.xib in Resources */ = {isa = PBXBuildFile; fileRef = F70B3AEF21480F2E000F8823 /* ZYQViewController.xib */; };
		F70B3AF4214817C8000F8823 /* CALayer+ZYQXibConfiguration.m in Sources */ = {isa = PBXBuildFile; fileRef = F70B3AF3214817C8000F8823 /* CALayer+ZYQXibConfiguration.m */; };
		F72F813A21495558004CCE7E /* ZYQPopOver.m in Sources */ = {isa = PBXBuildFile; fileRef = F72F813921495558004CCE7E /* ZYQPopOver.m */; };
		F72F813D214AA445004CCE7E /* ZYQarrow.m in Sources */ = {isa = PBXBuildFile; fileRef = F72F813C214AA445004CCE7E /* ZYQarrow.m */; };
		F72F814E215A674F004CCE7E /* AFURLResponseSerialization.m in Sources */ = {isa = PBXBuildFile; fileRef = F72F8145215A674F004CCE7E /* AFURLResponseSerialization.m */; };
		F72F814F215A674F004CCE7E /* AFHTTPSessionManager.m in Sources */ = {isa = PBXBuildFile; fileRef = F72F8146215A674F004CCE7E /* AFHTTPSessionManager.m */; };
		F72F8150215A674F004CCE7E /* AFURLSessionManager.m in Sources */ = {isa = PBXBuildFile; fileRef = F72F8148215A674F004CCE7E /* AFURLSessionManager.m */; };
		F72F8151215A674F004CCE7E /* AFURLRequestSerialization.m in Sources */ = {isa = PBXBuildFile; fileRef = F72F8149215A674F004CCE7E /* AFURLRequestSerialization.m */; };
		F72F8152215A674F004CCE7E /* AFNetworkReachabilityManager.m in Sources */ = {isa = PBXBuildFile; fileRef = F72F814B215A674F004CCE7E /* AFNetworkReachabilityManager.m */; };
		F72F8153215A674F004CCE7E /* AFSecurityPolicy.m in Sources */ = {isa = PBXBuildFile; fileRef = F72F814C215A674F004CCE7E /* AFSecurityPolicy.m */; };
		F72F8156215A6758004CCE7E /* ZYQNetworkManager.m in Sources */ = {isa = PBXBuildFile; fileRef = F72F8155215A6758004CCE7E /* ZYQNetworkManager.m */; };
		F72F815F215A684E004CCE7E /* ZYQAFNController.m in Sources */ = {isa = PBXBuildFile; fileRef = F72F815D215A684E004CCE7E /* ZYQAFNController.m */; };
		F72F8164215A6B71004CCE7E /* ZYQThreeViewController.m in Sources */ = {isa = PBXBuildFile; fileRef = F72F8163215A6B71004CCE7E /* ZYQThreeViewController.m */; };
		F72F8167215A6CAA004CCE7E /* ZYQThreeModel.m in Sources */ = {isa = PBXBuildFile; fileRef = F72F8166215A6CAA004CCE7E /* ZYQThreeModel.m */; };
		F72F816B215A6F32004CCE7E /* ZYQThreeCell.m in Sources */ = {isa = PBXBuildFile; fileRef = F72F8169215A6F32004CCE7E /* ZYQThreeCell.m */; };
		F72F816C215A6F32004CCE7E /* ZYQThreeCell.xib in Resources */ = {isa = PBXBuildFile; fileRef = F72F816A215A6F32004CCE7E /* ZYQThreeCell.xib */; };
		F72F819D215A8394004CCE7E /* UIScrollView+MJRefresh.m in Sources */ = {isa = PBXBuildFile; fileRef = F72F816F215A8393004CCE7E /* UIScrollView+MJRefresh.m */; };
		F72F819E215A8394004CCE7E /* MJRefreshConst.m in Sources */ = {isa = PBXBuildFile; fileRef = F72F8170215A8393004CCE7E /* MJRefreshConst.m */; };
		F72F819F215A8394004CCE7E /* MJRefresh.bundle in Resources */ = {isa = PBXBuildFile; fileRef = F72F8174215A8393004CCE7E /* MJRefresh.bundle */; };
		F72F81A0215A8394004CCE7E /* UIScrollView+MJExtension.m in Sources */ = {isa = PBXBuildFile; fileRef = F72F8176215A8393004CCE7E /* UIScrollView+MJExtension.m */; };
		F72F81A1215A8394004CCE7E /* NSBundle+MJRefresh.m in Sources */ = {isa = PBXBuildFile; fileRef = F72F8179215A8393004CCE7E /* NSBundle+MJRefresh.m */; };
		F72F81A2215A8394004CCE7E /* UIView+MJExtension.m in Sources */ = {isa = PBXBuildFile; fileRef = F72F817A215A8393004CCE7E /* UIView+MJExtension.m */; };
		F72F81A3215A8394004CCE7E /* MJRefreshBackGifFooter.m in Sources */ = {isa = PBXBuildFile; fileRef = F72F8181215A8393004CCE7E /* MJRefreshBackGifFooter.m */; };
		F72F81A4215A8394004CCE7E /* MJRefreshBackStateFooter.m in Sources */ = {isa = PBXBuildFile; fileRef = F72F8182215A8393004CCE7E /* MJRefreshBackStateFooter.m */; };
		F72F81A5215A8394004CCE7E /* MJRefreshBackNormalFooter.m in Sources */ = {isa = PBXBuildFile; fileRef = F72F8183215A8393004CCE7E /* MJRefreshBackNormalFooter.m */; };
		F72F81A6215A8394004CCE7E /* MJRefreshAutoStateFooter.m in Sources */ = {isa = PBXBuildFile; fileRef = F72F8188215A8393004CCE7E /* MJRefreshAutoStateFooter.m */; };
		F72F81A7215A8394004CCE7E /* MJRefreshAutoGifFooter.m in Sources */ = {isa = PBXBuildFile; fileRef = F72F8189215A8393004CCE7E /* MJRefreshAutoGifFooter.m */; };
		F72F81A8215A8394004CCE7E /* MJRefreshAutoNormalFooter.m in Sources */ = {isa = PBXBuildFile; fileRef = F72F818A215A8393004CCE7E /* MJRefreshAutoNormalFooter.m */; };
		F72F81A9215A8394004CCE7E /* MJRefreshNormalHeader.m in Sources */ = {isa = PBXBuildFile; fileRef = F72F818C215A8393004CCE7E /* MJRefreshNormalHeader.m */; };
		F72F81AA215A8394004CCE7E /* MJRefreshStateHeader.m in Sources */ = {isa = PBXBuildFile; fileRef = F72F8190215A8393004CCE7E /* MJRefreshStateHeader.m */; };
		F72F81AB215A8394004CCE7E /* MJRefreshGifHeader.m in Sources */ = {isa = PBXBuildFile; fileRef = F72F8191215A8393004CCE7E /* MJRefreshGifHeader.m */; };
		F72F81AC215A8394004CCE7E /* MJRefreshFooter.m in Sources */ = {isa = PBXBuildFile; fileRef = F72F8193215A8393004CCE7E /* MJRefreshFooter.m */; };
		F72F81AD215A8394004CCE7E /* MJRefreshHeader.m in Sources */ = {isa = PBXBuildFile; fileRef = F72F8195215A8393004CCE7E /* MJRefreshHeader.m */; };
		F72F81AE215A8394004CCE7E /* MJRefreshBackFooter.m in Sources */ = {isa = PBXBuildFile; fileRef = F72F8197215A8393004CCE7E /* MJRefreshBackFooter.m */; };
		F72F81AF215A8394004CCE7E /* MJRefreshAutoFooter.m in Sources */ = {isa = PBXBuildFile; fileRef = F72F8198215A8393004CCE7E /* MJRefreshAutoFooter.m */; };
		F72F81B0215A8394004CCE7E /* MJRefreshComponent.m in Sources */ = {isa = PBXBuildFile; fileRef = F72F819A215A8393004CCE7E /* MJRefreshComponent.m */; };
		F72F81C6215A839C004CCE7E /* ZYQRefreshGifFooter.m in Sources */ = {isa = PBXBuildFile; fileRef = F72F81B5215A839C004CCE7E /* ZYQRefreshGifFooter.m */; };
		F72F81C7215A839C004CCE7E /* ZYQRefreshCustomBackFooter.m in Sources */ = {isa = PBXBuildFile; fileRef = F72F81B6215A839C004CCE7E /* ZYQRefreshCustomBackFooter.m */; };
		F72F81C8215A839C004CCE7E /* ZYQRefreshCustomFooter.m in Sources */ = {isa = PBXBuildFile; fileRef = F72F81B8215A839C004CCE7E /* ZYQRefreshCustomFooter.m */; };
		F72F81C9215A839C004CCE7E /* ZYQRefreshCustomTitleFooter.m in Sources */ = {isa = PBXBuildFile; fileRef = F72F81B9215A839C004CCE7E /* ZYQRefreshCustomTitleFooter.m */; };
		F72F81CA215A839C004CCE7E /* ZYQRefreshNormalFooter.m in Sources */ = {isa = PBXBuildFile; fileRef = F72F81BC215A839C004CCE7E /* ZYQRefreshNormalFooter.m */; };
		F72F81CB215A839C004CCE7E /* ZYQRefreshGifHeader.m in Sources */ = {isa = PBXBuildFile; fileRef = F72F81C0215A839C004CCE7E /* ZYQRefreshGifHeader.m */; };
		F72F81CC215A839C004CCE7E /* ZYQRefreshCustomTitleHeader.m in Sources */ = {isa = PBXBuildFile; fileRef = F72F81C2215A839C004CCE7E /* ZYQRefreshCustomTitleHeader.m */; };
		F72F81CD215A839C004CCE7E /* ZYQRefreshCustomHeader.m in Sources */ = {isa = PBXBuildFile; fileRef = F72F81C3215A839C004CCE7E /* ZYQRefreshCustomHeader.m */; };
		F72F81CE215A839C004CCE7E /* ZYQRefreshNormalHeader.m in Sources */ = {isa = PBXBuildFile; fileRef = F72F81C5215A839C004CCE7E /* ZYQRefreshNormalHeader.m */; };
		F72F81D2215A8761004CCE7E /* ZYQRefreshController.m in Sources */ = {isa = PBXBuildFile; fileRef = F72F81D1215A8761004CCE7E /* ZYQRefreshController.m */; };
		F73545802146B3AE006A3136 /* ZYQCategoryModel.m in Sources */ = {isa = PBXBuildFile; fileRef = F735457F2146B3AE006A3136 /* ZYQCategoryModel.m */; };
		F73545852146B68E006A3136 /* ZYQCategoryCell.m in Sources */ = {isa = PBXBuildFile; fileRef = F73545832146B68E006A3136 /* ZYQCategoryCell.m */; };
		F73545862146B68E006A3136 /* ZYQCategoryCell.xib in Resources */ = {isa = PBXBuildFile; fileRef = F73545842146B68E006A3136 /* ZYQCategoryCell.xib */; };
		F735458B2146BC3D006A3136 /* ZYQImageViewController.m in Sources */ = {isa = PBXBuildFile; fileRef = F73545882146BC3D006A3136 /* ZYQImageViewController.m */; };
		F735458C2146BC3D006A3136 /* ZYQImageViewController.xib in Resources */ = {isa = PBXBuildFile; fileRef = F73545892146BC3D006A3136 /* ZYQImageViewController.xib */; };
		F73545902146BC70006A3136 /* UIImage+ZYQFunction.m in Sources */ = {isa = PBXBuildFile; fileRef = F735458F2146BC70006A3136 /* UIImage+ZYQFunction.m */; };
		F73545942146BE49006A3136 /* UIView+ZYQSetSize.m in Sources */ = {isa = PBXBuildFile; fileRef = F73545932146BE49006A3136 /* UIView+ZYQSetSize.m */; };
		F764897F214009490020F56C /* ZYQHomeCollectionViewCell.m in Sources */ = {isa = PBXBuildFile; fileRef = F764897D214009490020F56C /* ZYQHomeCollectionViewCell.m */; };
		F7648980214009490020F56C /* ZYQHomeCollectionViewCell.xib in Resources */ = {isa = PBXBuildFile; fileRef = F764897E214009490020F56C /* ZYQHomeCollectionViewCell.xib */; };
		F764898C214019FA0020F56C /* ZYQCategoryViewController.m in Sources */ = {isa = PBXBuildFile; fileRef = F764898B214019FA0020F56C /* ZYQCategoryViewController.m */; };
		F7DC2229212F040600881809 /* AppDelegate.m in Sources */ = {isa = PBXBuildFile; fileRef = F7DC2228212F040600881809 /* AppDelegate.m */; };
		F7DC222F212F040600881809 /* Main.storyboard in Resources */ = {isa = PBXBuildFile; fileRef = F7DC222D212F040600881809 /* Main.storyboard */; };
		F7DC2231212F040700881809 /* Assets.xcassets in Resources */ = {isa = PBXBuildFile; fileRef = F7DC2230212F040700881809 /* Assets.xcassets */; };
		F7DC2234212F040700881809 /* LaunchScreen.storyboard in Resources */ = {isa = PBXBuildFile; fileRef = F7DC2232212F040700881809 /* LaunchScreen.storyboard */; };
		F7DC2237212F040700881809 /* main.m in Sources */ = {isa = PBXBuildFile; fileRef = F7DC2236212F040700881809 /* main.m */; };
		F7DC2244212F071500881809 /* ZYQBaseController.m in Sources */ = {isa = PBXBuildFile; fileRef = F7DC2243212F071500881809 /* ZYQBaseController.m */; };
		F7DC224C212F082F00881809 /* ZYQHomeController.m in Sources */ = {isa = PBXBuildFile; fileRef = F7DC224B212F082F00881809 /* ZYQHomeController.m */; };
		F7DC224F212F084800881809 /* ZYQHomeModel.m in Sources */ = {isa = PBXBuildFile; fileRef = F7DC224E212F084800881809 /* ZYQHomeModel.m */; };
		F7DC2253212F094000881809 /* ZYQNavController.m in Sources */ = {isa = PBXBuildFile; fileRef = F7DC2252212F094000881809 /* ZYQNavController.m */; };
/* End PBXBuildFile section */

/* Begin PBXFileReference section */
		F70B3AD7214802E4000F8823 /* UIColor+ZYQColor.h */ = {isa = PBXFileReference; fileEncoding = 4; lastKnownFileType = sourcecode.c.h; path = "UIColor+ZYQColor.h"; sourceTree = "<group>"; };
		F70B3AD8214802E4000F8823 /* UIColor+ZYQColor.m */ = {isa = PBXFileReference; fileEncoding = 4; lastKnownFileType = sourcecode.c.objc; path = "UIColor+ZYQColor.m"; sourceTree = "<group>"; };
		F70B3ADB2148043E000F8823 /* ZYQColorViewController.xib */ = {isa = PBXFileReference; fileEncoding = 4; lastKnownFileType = file.xib; path = ZYQColorViewController.xib; sourceTree = "<group>"; };
		F70B3ADC2148043E000F8823 /* ZYQColorViewController.h */ = {isa = PBXFileReference; fileEncoding = 4; lastKnownFileType = sourcecode.c.h; path = ZYQColorViewController.h; sourceTree = "<group>"; };
		F70B3ADD2148043E000F8823 /* ZYQColorViewController.m */ = {isa = PBXFileReference; fileEncoding = 4; lastKnownFileType = sourcecode.c.objc; path = ZYQColorViewController.m; sourceTree = "<group>"; };
		F70B3AE121480598000F8823 /* NSDate+ZYQDate.h */ = {isa = PBXFileReference; fileEncoding = 4; lastKnownFileType = sourcecode.c.h; path = "NSDate+ZYQDate.h"; sourceTree = "<group>"; };
		F70B3AE221480598000F8823 /* NSDate+ZYQDate.m */ = {isa = PBXFileReference; fileEncoding = 4; lastKnownFileType = sourcecode.c.objc; path = "NSDate+ZYQDate.m"; sourceTree = "<group>"; };
		F70B3AE72148085D000F8823 /* ZYQDateViewController.xib */ = {isa = PBXFileReference; fileEncoding = 4; lastKnownFileType = file.xib; path = ZYQDateViewController.xib; sourceTree = "<group>"; };
		F70B3AE82148085E000F8823 /* ZYQDateViewController.h */ = {isa = PBXFileReference; fileEncoding = 4; lastKnownFileType = sourcecode.c.h; path = ZYQDateViewController.h; sourceTree = "<group>"; };
		F70B3AE92148085E000F8823 /* ZYQDateViewController.m */ = {isa = PBXFileReference; fileEncoding = 4; lastKnownFileType = sourcecode.c.objc; path = ZYQDateViewController.m; sourceTree = "<group>"; };
		F70B3AED21480F2E000F8823 /* ZYQViewController.h */ = {isa = PBXFileReference; lastKnownFileType = sourcecode.c.h; path = ZYQViewController.h; sourceTree = "<group>"; };
		F70B3AEE21480F2E000F8823 /* ZYQViewController.m */ = {isa = PBXFileReference; lastKnownFileType = sourcecode.c.objc; path = ZYQViewController.m; sourceTree = "<group>"; };
		F70B3AEF21480F2E000F8823 /* ZYQViewController.xib */ = {isa = PBXFileReference; lastKnownFileType = file.xib; path = ZYQViewController.xib; sourceTree = "<group>"; };
		F70B3AF2214817C8000F8823 /* CALayer+ZYQXibConfiguration.h */ = {isa = PBXFileReference; lastKnownFileType = sourcecode.c.h; path = "CALayer+ZYQXibConfiguration.h"; sourceTree = "<group>"; };
		F70B3AF3214817C8000F8823 /* CALayer+ZYQXibConfiguration.m */ = {isa = PBXFileReference; lastKnownFileType = sourcecode.c.objc; path = "CALayer+ZYQXibConfiguration.m"; sourceTree = "<group>"; };
		F72F813821495558004CCE7E /* ZYQPopOver.h */ = {isa = PBXFileReference; lastKnownFileType = sourcecode.c.h; path = ZYQPopOver.h; sourceTree = "<group>"; };
		F72F813921495558004CCE7E /* ZYQPopOver.m */ = {isa = PBXFileReference; lastKnownFileType = sourcecode.c.objc; path = ZYQPopOver.m; sourceTree = "<group>"; };
		F72F813B214AA445004CCE7E /* ZYQarrow.h */ = {isa = PBXFileReference; lastKnownFileType = sourcecode.c.h; path = ZYQarrow.h; sourceTree = "<group>"; };
		F72F813C214AA445004CCE7E /* ZYQarrow.m */ = {isa = PBXFileReference; lastKnownFileType = sourcecode.c.objc; path = ZYQarrow.m; sourceTree = "<group>"; };
		F72F8141215A674F004CCE7E /* AFSecurityPolicy.h */ = {isa = PBXFileReference; fileEncoding = 4; lastKnownFileType = sourcecode.c.h; path = AFSecurityPolicy.h; sourceTree = "<group>"; };
		F72F8142215A674F004CCE7E /* AFNetworkReachabilityManager.h */ = {isa = PBXFileReference; fileEncoding = 4; lastKnownFileType = sourcecode.c.h; path = AFNetworkReachabilityManager.h; sourceTree = "<group>"; };
		F72F8143215A674F004CCE7E /* AFURLSessionManager.h */ = {isa = PBXFileReference; fileEncoding = 4; lastKnownFileType = sourcecode.c.h; path = AFURLSessionManager.h; sourceTree = "<group>"; };
		F72F8144215A674F004CCE7E /* AFURLRequestSerialization.h */ = {isa = PBXFileReference; fileEncoding = 4; lastKnownFileType = sourcecode.c.h; path = AFURLRequestSerialization.h; sourceTree = "<group>"; };
		F72F8145215A674F004CCE7E /* AFURLResponseSerialization.m */ = {isa = PBXFileReference; fileEncoding = 4; lastKnownFileType = sourcecode.c.objc; path = AFURLResponseSerialization.m; sourceTree = "<group>"; };
		F72F8146215A674F004CCE7E /* AFHTTPSessionManager.m */ = {isa = PBXFileReference; fileEncoding = 4; lastKnownFileType = sourcecode.c.objc; path = AFHTTPSessionManager.m; sourceTree = "<group>"; };
		F72F8147215A674F004CCE7E /* AFURLResponseSerialization.h */ = {isa = PBXFileReference; fileEncoding = 4; lastKnownFileType = sourcecode.c.h; path = AFURLResponseSerialization.h; sourceTree = "<group>"; };
		F72F8148215A674F004CCE7E /* AFURLSessionManager.m */ = {isa = PBXFileReference; fileEncoding = 4; lastKnownFileType = sourcecode.c.objc; path = AFURLSessionManager.m; sourceTree = "<group>"; };
		F72F8149215A674F004CCE7E /* AFURLRequestSerialization.m */ = {isa = PBXFileReference; fileEncoding = 4; lastKnownFileType = sourcecode.c.objc; path = AFURLRequestSerialization.m; sourceTree = "<group>"; };
		F72F814A215A674F004CCE7E /* AFNetworking.h */ = {isa = PBXFileReference; fileEncoding = 4; lastKnownFileType = sourcecode.c.h; path = AFNetworking.h; sourceTree = "<group>"; };
		F72F814B215A674F004CCE7E /* AFNetworkReachabilityManager.m */ = {isa = PBXFileReference; fileEncoding = 4; lastKnownFileType = sourcecode.c.objc; path = AFNetworkReachabilityManager.m; sourceTree = "<group>"; };
		F72F814C215A674F004CCE7E /* AFSecurityPolicy.m */ = {isa = PBXFileReference; fileEncoding = 4; lastKnownFileType = sourcecode.c.objc; path = AFSecurityPolicy.m; sourceTree = "<group>"; };
		F72F814D215A674F004CCE7E /* AFHTTPSessionManager.h */ = {isa = PBXFileReference; fileEncoding = 4; lastKnownFileType = sourcecode.c.h; path = AFHTTPSessionManager.h; sourceTree = "<group>"; };
		F72F8154215A6758004CCE7E /* ZYQNetworkManager.h */ = {isa = PBXFileReference; fileEncoding = 4; lastKnownFileType = sourcecode.c.h; path = ZYQNetworkManager.h; sourceTree = "<group>"; };
		F72F8155215A6758004CCE7E /* ZYQNetworkManager.m */ = {isa = PBXFileReference; fileEncoding = 4; lastKnownFileType = sourcecode.c.objc; path = ZYQNetworkManager.m; sourceTree = "<group>"; };
		F72F815C215A684E004CCE7E /* ZYQAFNController.h */ = {isa = PBXFileReference; lastKnownFileType = sourcecode.c.h; path = ZYQAFNController.h; sourceTree = "<group>"; };
		F72F815D215A684E004CCE7E /* ZYQAFNController.m */ = {isa = PBXFileReference; lastKnownFileType = sourcecode.c.objc; path = ZYQAFNController.m; sourceTree = "<group>"; };
		F72F8161215A692A004CCE7E /* adn.cer */ = {isa = PBXFileReference; lastKnownFileType = file; path = adn.cer; sourceTree = "<group>"; };
		F72F8162215A6B71004CCE7E /* ZYQThreeViewController.h */ = {isa = PBXFileReference; lastKnownFileType = sourcecode.c.h; path = ZYQThreeViewController.h; sourceTree = "<group>"; };
		F72F8163215A6B71004CCE7E /* ZYQThreeViewController.m */ = {isa = PBXFileReference; lastKnownFileType = sourcecode.c.objc; path = ZYQThreeViewController.m; sourceTree = "<group>"; };
		F72F8165215A6CAA004CCE7E /* ZYQThreeModel.h */ = {isa = PBXFileReference; lastKnownFileType = sourcecode.c.h; path = ZYQThreeModel.h; sourceTree = "<group>"; };
		F72F8166215A6CAA004CCE7E /* ZYQThreeModel.m */ = {isa = PBXFileReference; lastKnownFileType = sourcecode.c.objc; path = ZYQThreeModel.m; sourceTree = "<group>"; };
		F72F8168215A6F32004CCE7E /* ZYQThreeCell.h */ = {isa = PBXFileReference; lastKnownFileType = sourcecode.c.h; path = ZYQThreeCell.h; sourceTree = "<group>"; };
		F72F8169215A6F32004CCE7E /* ZYQThreeCell.m */ = {isa = PBXFileReference; lastKnownFileType = sourcecode.c.objc; path = ZYQThreeCell.m; sourceTree = "<group>"; };
		F72F816A215A6F32004CCE7E /* ZYQThreeCell.xib */ = {isa = PBXFileReference; lastKnownFileType = file.xib; path = ZYQThreeCell.xib; sourceTree = "<group>"; };
		F72F816F215A8393004CCE7E /* UIScrollView+MJRefresh.m */ = {isa = PBXFileReference; fileEncoding = 4; lastKnownFileType = sourcecode.c.objc; path = "UIScrollView+MJRefresh.m"; sourceTree = "<group>"; };
		F72F8170215A8393004CCE7E /* MJRefreshConst.m */ = {isa = PBXFileReference; fileEncoding = 4; lastKnownFileType = sourcecode.c.objc; path = MJRefreshConst.m; sourceTree = "<group>"; };
		F72F8171215A8393004CCE7E /* UIScrollView+MJExtension.h */ = {isa = PBXFileReference; fileEncoding = 4; lastKnownFileType = sourcecode.c.h; path = "UIScrollView+MJExtension.h"; sourceTree = "<group>"; };
		F72F8172215A8393004CCE7E /* MJRefresh.h */ = {isa = PBXFileReference; fileEncoding = 4; lastKnownFileType = sourcecode.c.h; path = MJRefresh.h; sourceTree = "<group>"; };
		F72F8173215A8393004CCE7E /* NSBundle+MJRefresh.h */ = {isa = PBXFileReference; fileEncoding = 4; lastKnownFileType = sourcecode.c.h; path = "NSBundle+MJRefresh.h"; sourceTree = "<group>"; };
		F72F8174215A8393004CCE7E /* MJRefresh.bundle */ = {isa = PBXFileReference; lastKnownFileType = "wrapper.plug-in"; path = MJRefresh.bundle; sourceTree = "<group>"; };
		F72F8175215A8393004CCE7E /* UIView+MJExtension.h */ = {isa = PBXFileReference; fileEncoding = 4; lastKnownFileType = sourcecode.c.h; path = "UIView+MJExtension.h"; sourceTree = "<group>"; };
		F72F8176215A8393004CCE7E /* UIScrollView+MJExtension.m */ = {isa = PBXFileReference; fileEncoding = 4; lastKnownFileType = sourcecode.c.objc; path = "UIScrollView+MJExtension.m"; sourceTree = "<group>"; };
		F72F8177215A8393004CCE7E /* MJRefreshConst.h */ = {isa = PBXFileReference; fileEncoding = 4; lastKnownFileType = sourcecode.c.h; path = MJRefreshConst.h; sourceTree = "<group>"; };
		F72F8178215A8393004CCE7E /* UIScrollView+MJRefresh.h */ = {isa = PBXFileReference; fileEncoding = 4; lastKnownFileType = sourcecode.c.h; path = "UIScrollView+MJRefresh.h"; sourceTree = "<group>"; };
		F72F8179215A8393004CCE7E /* NSBundle+MJRefresh.m */ = {isa = PBXFileReference; fileEncoding = 4; lastKnownFileType = sourcecode.c.objc; path = "NSBundle+MJRefresh.m"; sourceTree = "<group>"; };
		F72F817A215A8393004CCE7E /* UIView+MJExtension.m */ = {isa = PBXFileReference; fileEncoding = 4; lastKnownFileType = sourcecode.c.objc; path = "UIView+MJExtension.m"; sourceTree = "<group>"; };
		F72F817E215A8393004CCE7E /* MJRefreshBackGifFooter.h */ = {isa = PBXFileReference; fileEncoding = 4; lastKnownFileType = sourcecode.c.h; path = MJRefreshBackGifFooter.h; sourceTree = "<group>"; };
		F72F817F215A8393004CCE7E /* MJRefreshBackStateFooter.h */ = {isa = PBXFileReference; fileEncoding = 4; lastKnownFileType = sourcecode.c.h; path = MJRefreshBackStateFooter.h; sourceTree = "<group>"; };
		F72F8180215A8393004CCE7E /* MJRefreshBackNormalFooter.h */ = {isa = PBXFileReference; fileEncoding = 4; lastKnownFileType = sourcecode.c.h; path = MJRefreshBackNormalFooter.h; sourceTree = "<group>"; };
		F72F8181215A8393004CCE7E /* MJRefreshBackGifFooter.m */ = {isa = PBXFileReference; fileEncoding = 4; lastKnownFileType = sourcecode.c.objc; path = MJRefreshBackGifFooter.m; sourceTree = "<group>"; };
		F72F8182215A8393004CCE7E /* MJRefreshBackStateFooter.m */ = {isa = PBXFileReference; fileEncoding = 4; lastKnownFileType = sourcecode.c.objc; path = MJRefreshBackStateFooter.m; sourceTree = "<group>"; };
		F72F8183215A8393004CCE7E /* MJRefreshBackNormalFooter.m */ = {isa = PBXFileReference; fileEncoding = 4; lastKnownFileType = sourcecode.c.objc; path = MJRefreshBackNormalFooter.m; sourceTree = "<group>"; };
		F72F8185215A8393004CCE7E /* MJRefreshAutoStateFooter.h */ = {isa = PBXFileReference; fileEncoding = 4; lastKnownFileType = sourcecode.c.h; path = MJRefreshAutoStateFooter.h; sourceTree = "<group>"; };
		F72F8186215A8393004CCE7E /* MJRefreshAutoNormalFooter.h */ = {isa = PBXFileReference; fileEncoding = 4; lastKnownFileType = sourcecode.c.h; path = MJRefreshAutoNormalFooter.h; sourceTree = "<group>"; };
		F72F8187215A8393004CCE7E /* MJRefreshAutoGifFooter.h */ = {isa = PBXFileReference; fileEncoding = 4; lastKnownFileType = sourcecode.c.h; path = MJRefreshAutoGifFooter.h; sourceTree = "<group>"; };
		F72F8188215A8393004CCE7E /* MJRefreshAutoStateFooter.m */ = {isa = PBXFileReference; fileEncoding = 4; lastKnownFileType = sourcecode.c.objc; path = MJRefreshAutoStateFooter.m; sourceTree = "<group>"; };
		F72F8189215A8393004CCE7E /* MJRefreshAutoGifFooter.m */ = {isa = PBXFileReference; fileEncoding = 4; lastKnownFileType = sourcecode.c.objc; path = MJRefreshAutoGifFooter.m; sourceTree = "<group>"; };
		F72F818A215A8393004CCE7E /* MJRefreshAutoNormalFooter.m */ = {isa = PBXFileReference; fileEncoding = 4; lastKnownFileType = sourcecode.c.objc; path = MJRefreshAutoNormalFooter.m; sourceTree = "<group>"; };
		F72F818C215A8393004CCE7E /* MJRefreshNormalHeader.m */ = {isa = PBXFileReference; fileEncoding = 4; lastKnownFileType = sourcecode.c.objc; path = MJRefreshNormalHeader.m; sourceTree = "<group>"; };
		F72F818D215A8393004CCE7E /* MJRefreshStateHeader.h */ = {isa = PBXFileReference; fileEncoding = 4; lastKnownFileType = sourcecode.c.h; path = MJRefreshStateHeader.h; sourceTree = "<group>"; };
		F72F818E215A8393004CCE7E /* MJRefreshGifHeader.h */ = {isa = PBXFileReference; fileEncoding = 4; lastKnownFileType = sourcecode.c.h; path = MJRefreshGifHeader.h; sourceTree = "<group>"; };
		F72F818F215A8393004CCE7E /* MJRefreshNormalHeader.h */ = {isa = PBXFileReference; fileEncoding = 4; lastKnownFileType = sourcecode.c.h; path = MJRefreshNormalHeader.h; sourceTree = "<group>"; };
		F72F8190215A8393004CCE7E /* MJRefreshStateHeader.m */ = {isa = PBXFileReference; fileEncoding = 4; lastKnownFileType = sourcecode.c.objc; path = MJRefreshStateHeader.m; sourceTree = "<group>"; };
		F72F8191215A8393004CCE7E /* MJRefreshGifHeader.m */ = {isa = PBXFileReference; fileEncoding = 4; lastKnownFileType = sourcecode.c.objc; path = MJRefreshGifHeader.m; sourceTree = "<group>"; };
		F72F8193215A8393004CCE7E /* MJRefreshFooter.m */ = {isa = PBXFileReference; fileEncoding = 4; lastKnownFileType = sourcecode.c.objc; path = MJRefreshFooter.m; sourceTree = "<group>"; };
		F72F8194215A8393004CCE7E /* MJRefreshComponent.h */ = {isa = PBXFileReference; fileEncoding = 4; lastKnownFileType = sourcecode.c.h; path = MJRefreshComponent.h; sourceTree = "<group>"; };
		F72F8195215A8393004CCE7E /* MJRefreshHeader.m */ = {isa = PBXFileReference; fileEncoding = 4; lastKnownFileType = sourcecode.c.objc; path = MJRefreshHeader.m; sourceTree = "<group>"; };
		F72F8196215A8393004CCE7E /* MJRefreshAutoFooter.h */ = {isa = PBXFileReference; fileEncoding = 4; lastKnownFileType = sourcecode.c.h; path = MJRefreshAutoFooter.h; sourceTree = "<group>"; };
		F72F8197215A8393004CCE7E /* MJRefreshBackFooter.m */ = {isa = PBXFileReference; fileEncoding = 4; lastKnownFileType = sourcecode.c.objc; path = MJRefreshBackFooter.m; sourceTree = "<group>"; };
		F72F8198215A8393004CCE7E /* MJRefreshAutoFooter.m */ = {isa = PBXFileReference; fileEncoding = 4; lastKnownFileType = sourcecode.c.objc; path = MJRefreshAutoFooter.m; sourceTree = "<group>"; };
		F72F8199215A8393004CCE7E /* MJRefreshHeader.h */ = {isa = PBXFileReference; fileEncoding = 4; lastKnownFileType = sourcecode.c.h; path = MJRefreshHeader.h; sourceTree = "<group>"; };
		F72F819A215A8393004CCE7E /* MJRefreshComponent.m */ = {isa = PBXFileReference; fileEncoding = 4; lastKnownFileType = sourcecode.c.objc; path = MJRefreshComponent.m; sourceTree = "<group>"; };
		F72F819B215A8393004CCE7E /* MJRefreshFooter.h */ = {isa = PBXFileReference; fileEncoding = 4; lastKnownFileType = sourcecode.c.h; path = MJRefreshFooter.h; sourceTree = "<group>"; };
		F72F819C215A8393004CCE7E /* MJRefreshBackFooter.h */ = {isa = PBXFileReference; fileEncoding = 4; lastKnownFileType = sourcecode.c.h; path = MJRefreshBackFooter.h; sourceTree = "<group>"; };
		F72F81B3215A839C004CCE7E /* ZYQRefreshCustomTitleFooter.h */ = {isa = PBXFileReference; fileEncoding = 4; lastKnownFileType = sourcecode.c.h; path = ZYQRefreshCustomTitleFooter.h; sourceTree = "<group>"; };
		F72F81B4215A839C004CCE7E /* ZYQRefreshCustomFooter.h */ = {isa = PBXFileReference; fileEncoding = 4; lastKnownFileType = sourcecode.c.h; path = ZYQRefreshCustomFooter.h; sourceTree = "<group>"; };
		F72F81B5215A839C004CCE7E /* ZYQRefreshGifFooter.m */ = {isa = PBXFileReference; fileEncoding = 4; lastKnownFileType = sourcecode.c.objc; path = ZYQRefreshGifFooter.m; sourceTree = "<group>"; };
		F72F81B6215A839C004CCE7E /* ZYQRefreshCustomBackFooter.m */ = {isa = PBXFileReference; fileEncoding = 4; lastKnownFileType = sourcecode.c.objc; path = ZYQRefreshCustomBackFooter.m; sourceTree = "<group>"; };
		F72F81B7215A839C004CCE7E /* ZYQRefreshNormalFooter.h */ = {isa = PBXFileReference; fileEncoding = 4; lastKnownFileType = sourcecode.c.h; path = ZYQRefreshNormalFooter.h; sourceTree = "<group>"; };
		F72F81B8215A839C004CCE7E /* ZYQRefreshCustomFooter.m */ = {isa = PBXFileReference; fileEncoding = 4; lastKnownFileType = sourcecode.c.objc; path = ZYQRefreshCustomFooter.m; sourceTree = "<group>"; };
		F72F81B9215A839C004CCE7E /* ZYQRefreshCustomTitleFooter.m */ = {isa = PBXFileReference; fileEncoding = 4; lastKnownFileType = sourcecode.c.objc; path = ZYQRefreshCustomTitleFooter.m; sourceTree = "<group>"; };
		F72F81BA215A839C004CCE7E /* ZYQRefreshCustomBackFooter.h */ = {isa = PBXFileReference; fileEncoding = 4; lastKnownFileType = sourcecode.c.h; path = ZYQRefreshCustomBackFooter.h; sourceTree = "<group>"; };
		F72F81BB215A839C004CCE7E /* ZYQRefreshGifFooter.h */ = {isa = PBXFileReference; fileEncoding = 4; lastKnownFileType = sourcecode.c.h; path = ZYQRefreshGifFooter.h; sourceTree = "<group>"; };
		F72F81BC215A839C004CCE7E /* ZYQRefreshNormalFooter.m */ = {isa = PBXFileReference; fileEncoding = 4; lastKnownFileType = sourcecode.c.objc; path = ZYQRefreshNormalFooter.m; sourceTree = "<group>"; };
		F72F81BE215A839C004CCE7E /* ZYQRefreshCustomHeader.h */ = {isa = PBXFileReference; fileEncoding = 4; lastKnownFileType = sourcecode.c.h; path = ZYQRefreshCustomHeader.h; sourceTree = "<group>"; };
		F72F81BF215A839C004CCE7E /* ZYQRefreshCustomTitleHeader.h */ = {isa = PBXFileReference; fileEncoding = 4; lastKnownFileType = sourcecode.c.h; path = ZYQRefreshCustomTitleHeader.h; sourceTree = "<group>"; };
		F72F81C0215A839C004CCE7E /* ZYQRefreshGifHeader.m */ = {isa = PBXFileReference; fileEncoding = 4; lastKnownFileType = sourcecode.c.objc; path = ZYQRefreshGifHeader.m; sourceTree = "<group>"; };
		F72F81C1215A839C004CCE7E /* ZYQRefreshNormalHeader.h */ = {isa = PBXFileReference; fileEncoding = 4; lastKnownFileType = sourcecode.c.h; path = ZYQRefreshNormalHeader.h; sourceTree = "<group>"; };
		F72F81C2215A839C004CCE7E /* ZYQRefreshCustomTitleHeader.m */ = {isa = PBXFileReference; fileEncoding = 4; lastKnownFileType = sourcecode.c.objc; path = ZYQRefreshCustomTitleHeader.m; sourceTree = "<group>"; };
		F72F81C3215A839C004CCE7E /* ZYQRefreshCustomHeader.m */ = {isa = PBXFileReference; fileEncoding = 4; lastKnownFileType = sourcecode.c.objc; path = ZYQRefreshCustomHeader.m; sourceTree = "<group>"; };
		F72F81C4215A839C004CCE7E /* ZYQRefreshGifHeader.h */ = {isa = PBXFileReference; fileEncoding = 4; lastKnownFileType = sourcecode.c.h; path = ZYQRefreshGifHeader.h; sourceTree = "<group>"; };
		F72F81C5215A839C004CCE7E /* ZYQRefreshNormalHeader.m */ = {isa = PBXFileReference; fileEncoding = 4; lastKnownFileType = sourcecode.c.objc; path = ZYQRefreshNormalHeader.m; sourceTree = "<group>"; };
		F72F81D0215A8761004CCE7E /* ZYQRefreshController.h */ = {isa = PBXFileReference; lastKnownFileType = sourcecode.c.h; path = ZYQRefreshController.h; sourceTree = "<group>"; };
		F72F81D1215A8761004CCE7E /* ZYQRefreshController.m */ = {isa = PBXFileReference; lastKnownFileType = sourcecode.c.objc; path = ZYQRefreshController.m; sourceTree = "<group>"; };
		F735457E2146B3AE006A3136 /* ZYQCategoryModel.h */ = {isa = PBXFileReference; lastKnownFileType = sourcecode.c.h; path = ZYQCategoryModel.h; sourceTree = "<group>"; };
		F735457F2146B3AE006A3136 /* ZYQCategoryModel.m */ = {isa = PBXFileReference; lastKnownFileType = sourcecode.c.objc; path = ZYQCategoryModel.m; sourceTree = "<group>"; };
		F73545822146B68E006A3136 /* ZYQCategoryCell.h */ = {isa = PBXFileReference; lastKnownFileType = sourcecode.c.h; path = ZYQCategoryCell.h; sourceTree = "<group>"; };
		F73545832146B68E006A3136 /* ZYQCategoryCell.m */ = {isa = PBXFileReference; lastKnownFileType = sourcecode.c.objc; path = ZYQCategoryCell.m; sourceTree = "<group>"; };
		F73545842146B68E006A3136 /* ZYQCategoryCell.xib */ = {isa = PBXFileReference; lastKnownFileType = file.xib; path = ZYQCategoryCell.xib; sourceTree = "<group>"; };
		F73545882146BC3D006A3136 /* ZYQImageViewController.m */ = {isa = PBXFileReference; fileEncoding = 4; lastKnownFileType = sourcecode.c.objc; path = ZYQImageViewController.m; sourceTree = "<group>"; };
		F73545892146BC3D006A3136 /* ZYQImageViewController.xib */ = {isa = PBXFileReference; fileEncoding = 4; lastKnownFileType = file.xib; path = ZYQImageViewController.xib; sourceTree = "<group>"; };
		F735458A2146BC3D006A3136 /* ZYQImageViewController.h */ = {isa = PBXFileReference; fileEncoding = 4; lastKnownFileType = sourcecode.c.h; path = ZYQImageViewController.h; sourceTree = "<group>"; };
		F735458E2146BC6F006A3136 /* UIImage+ZYQFunction.h */ = {isa = PBXFileReference; fileEncoding = 4; lastKnownFileType = sourcecode.c.h; path = "UIImage+ZYQFunction.h"; sourceTree = "<group>"; };
		F735458F2146BC70006A3136 /* UIImage+ZYQFunction.m */ = {isa = PBXFileReference; fileEncoding = 4; lastKnownFileType = sourcecode.c.objc; path = "UIImage+ZYQFunction.m"; sourceTree = "<group>"; };
		F73545922146BE49006A3136 /* UIView+ZYQSetSize.h */ = {isa = PBXFileReference; fileEncoding = 4; lastKnownFileType = sourcecode.c.h; path = "UIView+ZYQSetSize.h"; sourceTree = "<group>"; };
		F73545932146BE49006A3136 /* UIView+ZYQSetSize.m */ = {isa = PBXFileReference; fileEncoding = 4; lastKnownFileType = sourcecode.c.objc; path = "UIView+ZYQSetSize.m"; sourceTree = "<group>"; };
		F764897C214009490020F56C /* ZYQHomeCollectionViewCell.h */ = {isa = PBXFileReference; lastKnownFileType = sourcecode.c.h; path = ZYQHomeCollectionViewCell.h; sourceTree = "<group>"; };
		F764897D214009490020F56C /* ZYQHomeCollectionViewCell.m */ = {isa = PBXFileReference; lastKnownFileType = sourcecode.c.objc; path = ZYQHomeCollectionViewCell.m; sourceTree = "<group>"; };
		F764897E214009490020F56C /* ZYQHomeCollectionViewCell.xib */ = {isa = PBXFileReference; lastKnownFileType = file.xib; path = ZYQHomeCollectionViewCell.xib; sourceTree = "<group>"; };
		F764898321400F6B0020F56C /* MacroDefinition.h */ = {isa = PBXFileReference; fileEncoding = 4; lastKnownFileType = sourcecode.c.h; path = MacroDefinition.h; sourceTree = "<group>"; };
		F764898421400F760020F56C /* ZYQGlobalColor.h */ = {isa = PBXFileReference; fileEncoding = 4; lastKnownFileType = sourcecode.c.h; path = ZYQGlobalColor.h; sourceTree = "<group>"; };
		F76489862140116A0020F56C /* UIColor+ZYQDemoColor.h */ = {isa = PBXFileReference; fileEncoding = 4; lastKnownFileType = sourcecode.c.h; path = "UIColor+ZYQDemoColor.h"; sourceTree = "<group>"; };
		F76489872140116A0020F56C /* UIColor+ZYQDemoColor.m */ = {isa = PBXFileReference; fileEncoding = 4; lastKnownFileType = sourcecode.c.objc; path = "UIColor+ZYQDemoColor.m"; sourceTree = "<group>"; };
		F764898A214019FA0020F56C /* ZYQCategoryViewController.h */ = {isa = PBXFileReference; lastKnownFileType = sourcecode.c.h; path = ZYQCategoryViewController.h; sourceTree = "<group>"; };
		F764898B214019FA0020F56C /* ZYQCategoryViewController.m */ = {isa = PBXFileReference; lastKnownFileType = sourcecode.c.objc; path = ZYQCategoryViewController.m; sourceTree = "<group>"; };
		F7DC2224212F040600881809 /* Demo.app */ = {isa = PBXFileReference; explicitFileType = wrapper.application; includeInIndex = 0; path = Demo.app; sourceTree = BUILT_PRODUCTS_DIR; };
		F7DC2227212F040600881809 /* AppDelegate.h */ = {isa = PBXFileReference; lastKnownFileType = sourcecode.c.h; path = AppDelegate.h; sourceTree = "<group>"; };
		F7DC2228212F040600881809 /* AppDelegate.m */ = {isa = PBXFileReference; lastKnownFileType = sourcecode.c.objc; path = AppDelegate.m; sourceTree = "<group>"; };
		F7DC222E212F040600881809 /* Base */ = {isa = PBXFileReference; lastKnownFileType = file.storyboard; name = Base; path = Base.lproj/Main.storyboard; sourceTree = "<group>"; };
		F7DC2230212F040700881809 /* Assets.xcassets */ = {isa = PBXFileReference; lastKnownFileType = folder.assetcatalog; path = Assets.xcassets; sourceTree = "<group>"; };
		F7DC2233212F040700881809 /* Base */ = {isa = PBXFileReference; lastKnownFileType = file.storyboard; name = Base; path = Base.lproj/LaunchScreen.storyboard; sourceTree = "<group>"; };
		F7DC2235212F040700881809 /* Info.plist */ = {isa = PBXFileReference; lastKnownFileType = text.plist.xml; path = Info.plist; sourceTree = "<group>"; };
		F7DC2236212F040700881809 /* main.m */ = {isa = PBXFileReference; lastKnownFileType = sourcecode.c.objc; path = main.m; sourceTree = "<group>"; };
		F7DC2242212F071500881809 /* ZYQBaseController.h */ = {isa = PBXFileReference; lastKnownFileType = sourcecode.c.h; path = ZYQBaseController.h; sourceTree = "<group>"; };
		F7DC2243212F071500881809 /* ZYQBaseController.m */ = {isa = PBXFileReference; lastKnownFileType = sourcecode.c.objc; path = ZYQBaseController.m; sourceTree = "<group>"; };
		F7DC224A212F082F00881809 /* ZYQHomeController.h */ = {isa = PBXFileReference; lastKnownFileType = sourcecode.c.h; path = ZYQHomeController.h; sourceTree = "<group>"; };
		F7DC224B212F082F00881809 /* ZYQHomeController.m */ = {isa = PBXFileReference; lastKnownFileType = sourcecode.c.objc; path = ZYQHomeController.m; sourceTree = "<group>"; };
		F7DC224D212F084800881809 /* ZYQHomeModel.h */ = {isa = PBXFileReference; lastKnownFileType = sourcecode.c.h; path = ZYQHomeModel.h; sourceTree = "<group>"; };
		F7DC224E212F084800881809 /* ZYQHomeModel.m */ = {isa = PBXFileReference; lastKnownFileType = sourcecode.c.objc; path = ZYQHomeModel.m; sourceTree = "<group>"; };
		F7DC2251212F094000881809 /* ZYQNavController.h */ = {isa = PBXFileReference; lastKnownFileType = sourcecode.c.h; path = ZYQNavController.h; sourceTree = "<group>"; };
		F7DC2252212F094000881809 /* ZYQNavController.m */ = {isa = PBXFileReference; lastKnownFileType = sourcecode.c.objc; path = ZYQNavController.m; sourceTree = "<group>"; };
/* End PBXFileReference section */

/* Begin PBXFrameworksBuildPhase section */
		F7DC2221212F040500881809 /* Frameworks */ = {
			isa = PBXFrameworksBuildPhase;
			buildActionMask = 2147483647;
			files = (
			);
			runOnlyForDeploymentPostprocessing = 0;
		};
/* End PBXFrameworksBuildPhase section */

/* Begin PBXGroup section */
		F70B3AD6214802E4000F8823 /* Color */ = {
			isa = PBXGroup;
			children = (
				F70B3AD7214802E4000F8823 /* UIColor+ZYQColor.h */,
				F70B3AD8214802E4000F8823 /* UIColor+ZYQColor.m */,
			);
			path = Color;
			sourceTree = "<group>";
		};
		F70B3ADA21480429000F8823 /* color */ = {
			isa = PBXGroup;
			children = (
				F70B3ADC2148043E000F8823 /* ZYQColorViewController.h */,
				F70B3ADD2148043E000F8823 /* ZYQColorViewController.m */,
				F70B3ADB2148043E000F8823 /* ZYQColorViewController.xib */,
			);
			path = color;
			sourceTree = "<group>";
		};
		F70B3AE021480598000F8823 /* Date */ = {
			isa = PBXGroup;
			children = (
				F70B3AE121480598000F8823 /* NSDate+ZYQDate.h */,
				F70B3AE221480598000F8823 /* NSDate+ZYQDate.m */,
			);
			path = Date;
			sourceTree = "<group>";
		};
		F70B3AE621480851000F8823 /* date */ = {
			isa = PBXGroup;
			children = (
				F70B3AE82148085E000F8823 /* ZYQDateViewController.h */,
				F70B3AE92148085E000F8823 /* ZYQDateViewController.m */,
				F70B3AE72148085D000F8823 /* ZYQDateViewController.xib */,
			);
			path = date;
			sourceTree = "<group>";
		};
		F70B3AEC21480F09000F8823 /* view */ = {
			isa = PBXGroup;
			children = (
				F70B3AED21480F2E000F8823 /* ZYQViewController.h */,
				F70B3AEE21480F2E000F8823 /* ZYQViewController.m */,
				F70B3AEF21480F2E000F8823 /* ZYQViewController.xib */,
				F72F813B214AA445004CCE7E /* ZYQarrow.h */,
				F72F813C214AA445004CCE7E /* ZYQarrow.m */,
			);
			path = view;
			sourceTree = "<group>";
		};
		F72F813621495524004CCE7E /* function */ = {
			isa = PBXGroup;
			children = (
				F72F813721495537004CCE7E /* view */,
			);
			path = function;
			sourceTree = "<group>";
		};
		F72F813721495537004CCE7E /* view */ = {
			isa = PBXGroup;
			children = (
				F72F813821495558004CCE7E /* ZYQPopOver.h */,
				F72F813921495558004CCE7E /* ZYQPopOver.m */,
			);
			path = view;
			sourceTree = "<group>";
		};
		F72F813E215A66A2004CCE7E /* three */ = {
			isa = PBXGroup;
			children = (
				F72F816D215A8381004CCE7E /* MJRefresh */,
				F72F813F215A6711004CCE7E /* AFNetworking */,
			);
			path = three;
			sourceTree = "<group>";
		};
		F72F813F215A6711004CCE7E /* AFNetworking */ = {
			isa = PBXGroup;
			children = (
				F72F8161215A692A004CCE7E /* adn.cer */,
				F72F8154215A6758004CCE7E /* ZYQNetworkManager.h */,
				F72F8155215A6758004CCE7E /* ZYQNetworkManager.m */,
				F72F8140215A674F004CCE7E /* AFNetworking */,
			);
			path = AFNetworking;
			sourceTree = "<group>";
		};
		F72F8140215A674F004CCE7E /* AFNetworking */ = {
			isa = PBXGroup;
			children = (
				F72F8141215A674F004CCE7E /* AFSecurityPolicy.h */,
				F72F8142215A674F004CCE7E /* AFNetworkReachabilityManager.h */,
				F72F8143215A674F004CCE7E /* AFURLSessionManager.h */,
				F72F8144215A674F004CCE7E /* AFURLRequestSerialization.h */,
				F72F8145215A674F004CCE7E /* AFURLResponseSerialization.m */,
				F72F8146215A674F004CCE7E /* AFHTTPSessionManager.m */,
				F72F8147215A674F004CCE7E /* AFURLResponseSerialization.h */,
				F72F8148215A674F004CCE7E /* AFURLSessionManager.m */,
				F72F8149215A674F004CCE7E /* AFURLRequestSerialization.m */,
				F72F814A215A674F004CCE7E /* AFNetworking.h */,
				F72F814B215A674F004CCE7E /* AFNetworkReachabilityManager.m */,
				F72F814C215A674F004CCE7E /* AFSecurityPolicy.m */,
				F72F814D215A674F004CCE7E /* AFHTTPSessionManager.h */,
			);
			path = AFNetworking;
			sourceTree = "<group>";
		};
		F72F8157215A67E0004CCE7E /* three */ = {
			isa = PBXGroup;
			children = (
				F72F815A215A6802004CCE7E /* view */,
				F72F8159215A67FA004CCE7E /* model */,
				F72F8158215A67F1004CCE7E /* controller */,
			);
			path = three;
			sourceTree = "<group>";
		};
		F72F8158215A67F1004CCE7E /* controller */ = {
			isa = PBXGroup;
			children = (
				F72F81CF215A8745004CCE7E /* MJRefresh */,
				F72F815B215A6819004CCE7E /* AFN */,
				F72F8162215A6B71004CCE7E /* ZYQThreeViewController.h */,
				F72F8163215A6B71004CCE7E /* ZYQThreeViewController.m */,
			);
			path = controller;
			sourceTree = "<group>";
		};
		F72F8159215A67FA004CCE7E /* model */ = {
			isa = PBXGroup;
			children = (
				F72F8165215A6CAA004CCE7E /* ZYQThreeModel.h */,
				F72F8166215A6CAA004CCE7E /* ZYQThreeModel.m */,
			);
			path = model;
			sourceTree = "<group>";
		};
		F72F815A215A6802004CCE7E /* view */ = {
			isa = PBXGroup;
			children = (
				F72F8168215A6F32004CCE7E /* ZYQThreeCell.h */,
				F72F8169215A6F32004CCE7E /* ZYQThreeCell.m */,
				F72F816A215A6F32004CCE7E /* ZYQThreeCell.xib */,
			);
			path = view;
			sourceTree = "<group>";
		};
		F72F815B215A6819004CCE7E /* AFN */ = {
			isa = PBXGroup;
			children = (
				F72F815C215A684E004CCE7E /* ZYQAFNController.h */,
				F72F815D215A684E004CCE7E /* ZYQAFNController.m */,
			);
			path = AFN;
			sourceTree = "<group>";
		};
		F72F816D215A8381004CCE7E /* MJRefresh */ = {
			isa = PBXGroup;
			children = (
				F72F81B1215A839C004CCE7E /* ZYQRefreshManager */,
				F72F816E215A8393004CCE7E /* MJRefresh */,
			);
			path = MJRefresh;
			sourceTree = "<group>";
		};
		F72F816E215A8393004CCE7E /* MJRefresh */ = {
			isa = PBXGroup;
			children = (
				F72F816F215A8393004CCE7E /* UIScrollView+MJRefresh.m */,
				F72F8170215A8393004CCE7E /* MJRefreshConst.m */,
				F72F8171215A8393004CCE7E /* UIScrollView+MJExtension.h */,
				F72F8172215A8393004CCE7E /* MJRefresh.h */,
				F72F8173215A8393004CCE7E /* NSBundle+MJRefresh.h */,
				F72F8174215A8393004CCE7E /* MJRefresh.bundle */,
				F72F8175215A8393004CCE7E /* UIView+MJExtension.h */,
				F72F8176215A8393004CCE7E /* UIScrollView+MJExtension.m */,
				F72F8177215A8393004CCE7E /* MJRefreshConst.h */,
				F72F8178215A8393004CCE7E /* UIScrollView+MJRefresh.h */,
				F72F8179215A8393004CCE7E /* NSBundle+MJRefresh.m */,
				F72F817A215A8393004CCE7E /* UIView+MJExtension.m */,
				F72F817B215A8393004CCE7E /* Custom */,
				F72F8192215A8393004CCE7E /* Base */,
			);
			path = MJRefresh;
			sourceTree = "<group>";
		};
		F72F817B215A8393004CCE7E /* Custom */ = {
			isa = PBXGroup;
			children = (
				F72F817C215A8393004CCE7E /* Footer */,
				F72F818B215A8393004CCE7E /* Header */,
			);
			path = Custom;
			sourceTree = "<group>";
		};
		F72F817C215A8393004CCE7E /* Footer */ = {
			isa = PBXGroup;
			children = (
				F72F817D215A8393004CCE7E /* Back */,
				F72F8184215A8393004CCE7E /* Auto */,
			);
			path = Footer;
			sourceTree = "<group>";
		};
		F72F817D215A8393004CCE7E /* Back */ = {
			isa = PBXGroup;
			children = (
				F72F817E215A8393004CCE7E /* MJRefreshBackGifFooter.h */,
				F72F817F215A8393004CCE7E /* MJRefreshBackStateFooter.h */,
				F72F8180215A8393004CCE7E /* MJRefreshBackNormalFooter.h */,
				F72F8181215A8393004CCE7E /* MJRefreshBackGifFooter.m */,
				F72F8182215A8393004CCE7E /* MJRefreshBackStateFooter.m */,
				F72F8183215A8393004CCE7E /* MJRefreshBackNormalFooter.m */,
			);
			path = Back;
			sourceTree = "<group>";
		};
		F72F8184215A8393004CCE7E /* Auto */ = {
			isa = PBXGroup;
			children = (
				F72F8185215A8393004CCE7E /* MJRefreshAutoStateFooter.h */,
				F72F8186215A8393004CCE7E /* MJRefreshAutoNormalFooter.h */,
				F72F8187215A8393004CCE7E /* MJRefreshAutoGifFooter.h */,
				F72F8188215A8393004CCE7E /* MJRefreshAutoStateFooter.m */,
				F72F8189215A8393004CCE7E /* MJRefreshAutoGifFooter.m */,
				F72F818A215A8393004CCE7E /* MJRefreshAutoNormalFooter.m */,
			);
			path = Auto;
			sourceTree = "<group>";
		};
		F72F818B215A8393004CCE7E /* Header */ = {
			isa = PBXGroup;
			children = (
				F72F818C215A8393004CCE7E /* MJRefreshNormalHeader.m */,
				F72F818D215A8393004CCE7E /* MJRefreshStateHeader.h */,
				F72F818E215A8393004CCE7E /* MJRefreshGifHeader.h */,
				F72F818F215A8393004CCE7E /* MJRefreshNormalHeader.h */,
				F72F8190215A8393004CCE7E /* MJRefreshStateHeader.m */,
				F72F8191215A8393004CCE7E /* MJRefreshGifHeader.m */,
			);
			path = Header;
			sourceTree = "<group>";
		};
		F72F8192215A8393004CCE7E /* Base */ = {
			isa = PBXGroup;
			children = (
				F72F8193215A8393004CCE7E /* MJRefreshFooter.m */,
				F72F8194215A8393004CCE7E /* MJRefreshComponent.h */,
				F72F8195215A8393004CCE7E /* MJRefreshHeader.m */,
				F72F8196215A8393004CCE7E /* MJRefreshAutoFooter.h */,
				F72F8197215A8393004CCE7E /* MJRefreshBackFooter.m */,
				F72F8198215A8393004CCE7E /* MJRefreshAutoFooter.m */,
				F72F8199215A8393004CCE7E /* MJRefreshHeader.h */,
				F72F819A215A8393004CCE7E /* MJRefreshComponent.m */,
				F72F819B215A8393004CCE7E /* MJRefreshFooter.h */,
				F72F819C215A8393004CCE7E /* MJRefreshBackFooter.h */,
			);
			path = Base;
			sourceTree = "<group>";
		};
		F72F81B1215A839C004CCE7E /* ZYQRefreshManager */ = {
			isa = PBXGroup;
			children = (
				F72F81B2215A839C004CCE7E /* footer */,
				F72F81BD215A839C004CCE7E /* header */,
			);
			path = ZYQRefreshManager;
			sourceTree = "<group>";
		};
		F72F81B2215A839C004CCE7E /* footer */ = {
			isa = PBXGroup;
			children = (
				F72F81B3215A839C004CCE7E /* ZYQRefreshCustomTitleFooter.h */,
				F72F81B4215A839C004CCE7E /* ZYQRefreshCustomFooter.h */,
				F72F81B5215A839C004CCE7E /* ZYQRefreshGifFooter.m */,
				F72F81B6215A839C004CCE7E /* ZYQRefreshCustomBackFooter.m */,
				F72F81B7215A839C004CCE7E /* ZYQRefreshNormalFooter.h */,
				F72F81B8215A839C004CCE7E /* ZYQRefreshCustomFooter.m */,
				F72F81B9215A839C004CCE7E /* ZYQRefreshCustomTitleFooter.m */,
				F72F81BA215A839C004CCE7E /* ZYQRefreshCustomBackFooter.h */,
				F72F81BB215A839C004CCE7E /* ZYQRefreshGifFooter.h */,
				F72F81BC215A839C004CCE7E /* ZYQRefreshNormalFooter.m */,
			);
			path = footer;
			sourceTree = "<group>";
		};
		F72F81BD215A839C004CCE7E /* header */ = {
			isa = PBXGroup;
			children = (
				F72F81BE215A839C004CCE7E /* ZYQRefreshCustomHeader.h */,
				F72F81BF215A839C004CCE7E /* ZYQRefreshCustomTitleHeader.h */,
				F72F81C0215A839C004CCE7E /* ZYQRefreshGifHeader.m */,
				F72F81C1215A839C004CCE7E /* ZYQRefreshNormalHeader.h */,
				F72F81C2215A839C004CCE7E /* ZYQRefreshCustomTitleHeader.m */,
				F72F81C3215A839C004CCE7E /* ZYQRefreshCustomHeader.m */,
				F72F81C4215A839C004CCE7E /* ZYQRefreshGifHeader.h */,
				F72F81C5215A839C004CCE7E /* ZYQRefreshNormalHeader.m */,
			);
			path = header;
			sourceTree = "<group>";
		};
		F72F81CF215A8745004CCE7E /* MJRefresh */ = {
			isa = PBXGroup;
			children = (
				F72F81D0215A8761004CCE7E /* ZYQRefreshController.h */,
				F72F81D1215A8761004CCE7E /* ZYQRefreshController.m */,
			);
			path = MJRefresh;
			sourceTree = "<group>";
		};
		F735457C2146B298006A3136 /* packaging */ = {
			isa = PBXGroup;
			children = (
				F72F813E215A66A2004CCE7E /* three */,
				F72F813621495524004CCE7E /* function */,
				F735457D2146B2AC006A3136 /* categories */,
			);
			path = packaging;
			sourceTree = "<group>";
		};
		F735457D2146B2AC006A3136 /* categories */ = {
			isa = PBXGroup;
			children = (
				F70B3AE021480598000F8823 /* Date */,
				F70B3AD6214802E4000F8823 /* Color */,
				F73545912146BE49006A3136 /* view */,
				F735458D2146BC49006A3136 /* image */,
			);
			path = categories;
			sourceTree = "<group>";
		};
		F73545812146B4D6006A3136 /* view */ = {
			isa = PBXGroup;
			children = (
				F73545822146B68E006A3136 /* ZYQCategoryCell.h */,
				F73545832146B68E006A3136 /* ZYQCategoryCell.m */,
				F73545842146B68E006A3136 /* ZYQCategoryCell.xib */,
			);
			path = view;
			sourceTree = "<group>";
		};
		F73545872146BC22006A3136 /* image */ = {
			isa = PBXGroup;
			children = (
				F735458A2146BC3D006A3136 /* ZYQImageViewController.h */,
				F73545882146BC3D006A3136 /* ZYQImageViewController.m */,
				F73545892146BC3D006A3136 /* ZYQImageViewController.xib */,
			);
			path = image;
			sourceTree = "<group>";
		};
		F735458D2146BC49006A3136 /* image */ = {
			isa = PBXGroup;
			children = (
				F735458E2146BC6F006A3136 /* UIImage+ZYQFunction.h */,
				F735458F2146BC70006A3136 /* UIImage+ZYQFunction.m */,
			);
			path = image;
			sourceTree = "<group>";
		};
		F73545912146BE49006A3136 /* view */ = {
			isa = PBXGroup;
			children = (
				F73545922146BE49006A3136 /* UIView+ZYQSetSize.h */,
				F73545932146BE49006A3136 /* UIView+ZYQSetSize.m */,
			);
			path = view;
			sourceTree = "<group>";
		};
		F764897B214009160020F56C /* view */ = {
			isa = PBXGroup;
			children = (
				F764897C214009490020F56C /* ZYQHomeCollectionViewCell.h */,
				F764897D214009490020F56C /* ZYQHomeCollectionViewCell.m */,
				F764897E214009490020F56C /* ZYQHomeCollectionViewCell.xib */,
			);
			path = view;
			sourceTree = "<group>";
		};
		F764898121400EE50020F56C /* macro */ = {
			isa = PBXGroup;
			children = (
				F764898421400F760020F56C /* ZYQGlobalColor.h */,
				F764898321400F6B0020F56C /* MacroDefinition.h */,
			);
			path = macro;
			sourceTree = "<group>";
		};
		F764898221400F040020F56C /* categories */ = {
			isa = PBXGroup;
			children = (
				F70B3AF2214817C8000F8823 /* CALayer+ZYQXibConfiguration.h */,
				F70B3AF3214817C8000F8823 /* CALayer+ZYQXibConfiguration.m */,
				F76489852140116A0020F56C /* Color */,
			);
			path = categories;
			sourceTree = "<group>";
		};
		F76489852140116A0020F56C /* Color */ = {
			isa = PBXGroup;
			children = (
				F76489862140116A0020F56C /* UIColor+ZYQDemoColor.h */,
				F76489872140116A0020F56C /* UIColor+ZYQDemoColor.m */,
			);
			path = Color;
			sourceTree = "<group>";
		};
		F7648989214019D30020F56C /* category */ = {
			isa = PBXGroup;
			children = (
				F764898E21401A190020F56C /* controller */,
				F73545812146B4D6006A3136 /* view */,
				F764898D214019FF0020F56C /* model */,
			);
			path = category;
			sourceTree = "<group>";
		};
		F764898D214019FF0020F56C /* model */ = {
			isa = PBXGroup;
			children = (
				F735457E2146B3AE006A3136 /* ZYQCategoryModel.h */,
				F735457F2146B3AE006A3136 /* ZYQCategoryModel.m */,
			);
			path = model;
			sourceTree = "<group>";
		};
		F764898E21401A190020F56C /* controller */ = {
			isa = PBXGroup;
			children = (
				F70B3AEC21480F09000F8823 /* view */,
				F70B3AE621480851000F8823 /* date */,
				F70B3ADA21480429000F8823 /* color */,
				F73545872146BC22006A3136 /* image */,
				F764898A214019FA0020F56C /* ZYQCategoryViewController.h */,
				F764898B214019FA0020F56C /* ZYQCategoryViewController.m */,
			);
			path = controller;
			sourceTree = "<group>";
		};
		F7DC221B212F040500881809 = {
			isa = PBXGroup;
			children = (
				F7DC2226212F040600881809 /* Demo */,
				F7DC2225212F040600881809 /* Products */,
			);
			sourceTree = "<group>";
		};
		F7DC2225212F040600881809 /* Products */ = {
			isa = PBXGroup;
			children = (
				F7DC2224212F040600881809 /* Demo.app */,
			);
			name = Products;
			sourceTree = "<group>";
		};
		F7DC2226212F040600881809 /* Demo */ = {
			isa = PBXGroup;
			children = (
				F764898221400F040020F56C /* categories */,
				F764898121400EE50020F56C /* macro */,
				F7DC2246212F079300881809 /* module */,
				F7DC2245212F076F00881809 /* resources */,
				F7DC2240212F06BE00881809 /* general */,
				F7DC223F212F069B00881809 /* libs */,
				F7DC223D212F061900881809 /* other */,
			);
			path = Demo;
			sourceTree = "<group>";
		};
		F7DC223D212F061900881809 /* other */ = {
			isa = PBXGroup;
			children = (
				F7DC2227212F040600881809 /* AppDelegate.h */,
				F7DC2228212F040600881809 /* AppDelegate.m */,
				F7DC222D212F040600881809 /* Main.storyboard */,
				F7DC2230212F040700881809 /* Assets.xcassets */,
				F7DC2232212F040700881809 /* LaunchScreen.storyboard */,
				F7DC2235212F040700881809 /* Info.plist */,
				F7DC2236212F040700881809 /* main.m */,
			);
			path = other;
			sourceTree = "<group>";
		};
		F7DC223F212F069B00881809 /* libs */ = {
			isa = PBXGroup;
			children = (
				F735457C2146B298006A3136 /* packaging */,
			);
			path = libs;
			sourceTree = "<group>";
		};
		F7DC2240212F06BE00881809 /* general */ = {
			isa = PBXGroup;
			children = (
				F7DC2250212F091D00881809 /* nav */,
				F7DC2241212F06DA00881809 /* base */,
			);
			path = general;
			sourceTree = "<group>";
		};
		F7DC2241212F06DA00881809 /* base */ = {
			isa = PBXGroup;
			children = (
				F7DC2242212F071500881809 /* ZYQBaseController.h */,
				F7DC2243212F071500881809 /* ZYQBaseController.m */,
			);
			path = base;
			sourceTree = "<group>";
		};
		F7DC2245212F076F00881809 /* resources */ = {
			isa = PBXGroup;
			children = (
			);
			path = resources;
			sourceTree = "<group>";
		};
		F7DC2246212F079300881809 /* module */ = {
			isa = PBXGroup;
			children = (
				F72F8157215A67E0004CCE7E /* three */,
				F7648989214019D30020F56C /* category */,
				F7DC2247212F07B400881809 /* home */,
			);
			path = module;
			sourceTree = "<group>";
		};
		F7DC2247212F07B400881809 /* home */ = {
			isa = PBXGroup;
			children = (
				F764897B214009160020F56C /* view */,
				F7DC2249212F07CB00881809 /* model */,
				F7DC2248212F07C200881809 /* controller */,
			);
			path = home;
			sourceTree = "<group>";
		};
		F7DC2248212F07C200881809 /* controller */ = {
			isa = PBXGroup;
			children = (
				F7DC224A212F082F00881809 /* ZYQHomeController.h */,
				F7DC224B212F082F00881809 /* ZYQHomeController.m */,
			);
			path = controller;
			sourceTree = "<group>";
		};
		F7DC2249212F07CB00881809 /* model */ = {
			isa = PBXGroup;
			children = (
				F7DC224D212F084800881809 /* ZYQHomeModel.h */,
				F7DC224E212F084800881809 /* ZYQHomeModel.m */,
			);
			path = model;
			sourceTree = "<group>";
		};
		F7DC2250212F091D00881809 /* nav */ = {
			isa = PBXGroup;
			children = (
				F7DC2251212F094000881809 /* ZYQNavController.h */,
				F7DC2252212F094000881809 /* ZYQNavController.m */,
			);
			path = nav;
			sourceTree = "<group>";
		};
/* End PBXGroup section */

/* Begin PBXNativeTarget section */
		F7DC2223212F040500881809 /* Demo */ = {
			isa = PBXNativeTarget;
			buildConfigurationList = F7DC223A212F040700881809 /* Build configuration list for PBXNativeTarget "Demo" */;
			buildPhases = (
				F7DC2220212F040500881809 /* Sources */,
				F7DC2221212F040500881809 /* Frameworks */,
				F7DC2222212F040500881809 /* Resources */,
			);
			buildRules = (
			);
			dependencies = (
			);
			name = Demo;
			productName = Demo;
			productReference = F7DC2224212F040600881809 /* Demo.app */;
			productType = "com.apple.product-type.application";
		};
/* End PBXNativeTarget section */

/* Begin PBXProject section */
		F7DC221C212F040500881809 /* Project object */ = {
			isa = PBXProject;
			attributes = {
				CLASSPREFIX = ZYQ;
				LastUpgradeCheck = 0940;
				ORGANIZATIONNAME = "༺ོ࿆强ོ࿆ ༻";
				TargetAttributes = {
					F7DC2223212F040500881809 = {
						CreatedOnToolsVersion = 9.4.1;
					};
				};
			};
			buildConfigurationList = F7DC221F212F040500881809 /* Build configuration list for PBXProject "Demo" */;
			compatibilityVersion = "Xcode 9.3";
			developmentRegion = en;
			hasScannedForEncodings = 0;
			knownRegions = (
				en,
				Base,
			);
			mainGroup = F7DC221B212F040500881809;
			productRefGroup = F7DC2225212F040600881809 /* Products */;
			projectDirPath = "";
			projectRoot = "";
			targets = (
				F7DC2223212F040500881809 /* Demo */,
			);
		};
/* End PBXProject section */

/* Begin PBXResourcesBuildPhase section */
		F7DC2222212F040500881809 /* Resources */ = {
			isa = PBXResourcesBuildPhase;
			buildActionMask = 2147483647;
			files = (
				F70B3AEA2148085E000F8823 /* ZYQDateViewController.xib in Resources */,
				F7DC2234212F040700881809 /* LaunchScreen.storyboard in Resources */,
				F7DC2231212F040700881809 /* Assets.xcassets in Resources */,
				F735458C2146BC3D006A3136 /* ZYQImageViewController.xib in Resources */,
				F72F816C215A6F32004CCE7E /* ZYQThreeCell.xib in Resources */,
				F73545862146B68E006A3136 /* ZYQCategoryCell.xib in Resources */,
				F7648980214009490020F56C /* ZYQHomeCollectionViewCell.xib in Resources */,
				F72F819F215A8394004CCE7E /* MJRefresh.bundle in Resources */,
				F70B3AF121480F2E000F8823 /* ZYQViewController.xib in Resources */,
				F7DC222F212F040600881809 /* Main.storyboard in Resources */,
				F70B3ADE2148043E000F8823 /* ZYQColorViewController.xib in Resources */,
			);
			runOnlyForDeploymentPostprocessing = 0;
		};
/* End PBXResourcesBuildPhase section */

/* Begin PBXSourcesBuildPhase section */
		F7DC2220212F040500881809 /* Sources */ = {
			isa = PBXSourcesBuildPhase;
			buildActionMask = 2147483647;
			files = (
				F72F81A0215A8394004CCE7E /* UIScrollView+MJExtension.m in Sources */,
				F72F8153215A674F004CCE7E /* AFSecurityPolicy.m in Sources */,
				F72F81A6215A8394004CCE7E /* MJRefreshAutoStateFooter.m in Sources */,
				F72F81AD215A8394004CCE7E /* MJRefreshHeader.m in Sources */,
				F72F81CA215A839C004CCE7E /* ZYQRefreshNormalFooter.m in Sources */,
				F72F8150215A674F004CCE7E /* AFURLSessionManager.m in Sources */,
				F70B3AE521480768000F8823 /* UIColor+ZYQDemoColor.m in Sources */,
				F70B3AE42148073C000F8823 /* UIColor+ZYQColor.m in Sources */,
				F73545942146BE49006A3136 /* UIView+ZYQSetSize.m in Sources */,
				F72F81B0215A8394004CCE7E /* MJRefreshComponent.m in Sources */,
				F72F81A1215A8394004CCE7E /* NSBundle+MJRefresh.m in Sources */,
				F72F81CB215A839C004CCE7E /* ZYQRefreshGifHeader.m in Sources */,
				F70B3AF4214817C8000F8823 /* CALayer+ZYQXibConfiguration.m in Sources */,
				F72F815F215A684E004CCE7E /* ZYQAFNController.m in Sources */,
				F70B3AF021480F2E000F8823 /* ZYQViewController.m in Sources */,
				F72F81AB215A8394004CCE7E /* MJRefreshGifHeader.m in Sources */,
				F7DC224C212F082F00881809 /* ZYQHomeController.m in Sources */,
				F764897F214009490020F56C /* ZYQHomeCollectionViewCell.m in Sources */,
				F72F819D215A8394004CCE7E /* UIScrollView+MJRefresh.m in Sources */,
				F72F81AF215A8394004CCE7E /* MJRefreshAutoFooter.m in Sources */,
				F7DC2244212F071500881809 /* ZYQBaseController.m in Sources */,
				F7DC224F212F084800881809 /* ZYQHomeModel.m in Sources */,
				F72F81C9215A839C004CCE7E /* ZYQRefreshCustomTitleFooter.m in Sources */,
				F72F81AE215A8394004CCE7E /* MJRefreshBackFooter.m in Sources */,
				F72F81AC215A8394004CCE7E /* MJRefreshFooter.m in Sources */,
				F72F81A2215A8394004CCE7E /* UIView+MJExtension.m in Sources */,
				F72F81AA215A8394004CCE7E /* MJRefreshStateHeader.m in Sources */,
				F73545852146B68E006A3136 /* ZYQCategoryCell.m in Sources */,
				F72F81A5215A8394004CCE7E /* MJRefreshBackNormalFooter.m in Sources */,
				F73545802146B3AE006A3136 /* ZYQCategoryModel.m in Sources */,
				F7DC2237212F040700881809 /* main.m in Sources */,
				F72F81A3215A8394004CCE7E /* MJRefreshBackGifFooter.m in Sources */,
				F72F81CC215A839C004CCE7E /* ZYQRefreshCustomTitleHeader.m in Sources */,
				F70B3AEB2148085E000F8823 /* ZYQDateViewController.m in Sources */,
				F72F81CE215A839C004CCE7E /* ZYQRefreshNormalHeader.m in Sources */,
				F72F813A21495558004CCE7E /* ZYQPopOver.m in Sources */,
				F72F81A7215A8394004CCE7E /* MJRefreshAutoGifFooter.m in Sources */,
				F7DC2253212F094000881809 /* ZYQNavController.m in Sources */,
				F72F814F215A674F004CCE7E /* AFHTTPSessionManager.m in Sources */,
				F70B3ADF2148043E000F8823 /* ZYQColorViewController.m in Sources */,
				F7DC2229212F040600881809 /* AppDelegate.m in Sources */,
				F72F8152215A674F004CCE7E /* AFNetworkReachabilityManager.m in Sources */,
				F72F81D2215A8761004CCE7E /* ZYQRefreshController.m in Sources */,
				F72F816B215A6F32004CCE7E /* ZYQThreeCell.m in Sources */,
				F72F819E215A8394004CCE7E /* MJRefreshConst.m in Sources */,
				F72F8151215A674F004CCE7E /* AFURLRequestSerialization.m in Sources */,
				F72F81C6215A839C004CCE7E /* ZYQRefreshGifFooter.m in Sources */,
				F72F81A8215A8394004CCE7E /* MJRefreshAutoNormalFooter.m in Sources */,
				F72F8167215A6CAA004CCE7E /* ZYQThreeModel.m in Sources */,
				F735458B2146BC3D006A3136 /* ZYQImageViewController.m in Sources */,
				F72F81A9215A8394004CCE7E /* MJRefreshNormalHeader.m in Sources */,
				F72F813D214AA445004CCE7E /* ZYQarrow.m in Sources */,
				F72F81C8215A839C004CCE7E /* ZYQRefreshCustomFooter.m in Sources */,
				F72F8156215A6758004CCE7E /* ZYQNetworkManager.m in Sources */,
				F764898C214019FA0020F56C /* ZYQCategoryViewController.m in Sources */,
				F72F8164215A6B71004CCE7E /* ZYQThreeViewController.m in Sources */,
				F72F81A4215A8394004CCE7E /* MJRefreshBackStateFooter.m in Sources */,
				F72F81CD215A839C004CCE7E /* ZYQRefreshCustomHeader.m in Sources */,
				F70B3AE321480598000F8823 /* NSDate+ZYQDate.m in Sources */,
				F73545902146BC70006A3136 /* UIImage+ZYQFunction.m in Sources */,
				F72F81C7215A839C004CCE7E /* ZYQRefreshCustomBackFooter.m in Sources */,
				F72F814E215A674F004CCE7E /* AFURLResponseSerialization.m in Sources */,
			);
			runOnlyForDeploymentPostprocessing = 0;
		};
/* End PBXSourcesBuildPhase section */

/* Begin PBXVariantGroup section */
		F7DC222D212F040600881809 /* Main.storyboard */ = {
			isa = PBXVariantGroup;
			children = (
				F7DC222E212F040600881809 /* Base */,
			);
			name = Main.storyboard;
			sourceTree = "<group>";
		};
		F7DC2232212F040700881809 /* LaunchScreen.storyboard */ = {
			isa = PBXVariantGroup;
			children = (
				F7DC2233212F040700881809 /* Base */,
			);
			name = LaunchScreen.storyboard;
			sourceTree = "<group>";
		};
/* End PBXVariantGroup section */

/* Begin XCBuildConfiguration section */
		F7DC2238212F040700881809 /* Debug */ = {
			isa = XCBuildConfiguration;
			buildSettings = {
				ALWAYS_SEARCH_USER_PATHS = NO;
				CLANG_ANALYZER_NONNULL = YES;
				CLANG_ANALYZER_NUMBER_OBJECT_CONVERSION = YES_AGGRESSIVE;
				CLANG_CXX_LANGUAGE_STANDARD = "gnu++14";
				CLANG_CXX_LIBRARY = "libc++";
				CLANG_ENABLE_MODULES = YES;
				CLANG_ENABLE_OBJC_ARC = YES;
				CLANG_ENABLE_OBJC_WEAK = YES;
				CLANG_WARN_BLOCK_CAPTURE_AUTORELEASING = YES;
				CLANG_WARN_BOOL_CONVERSION = YES;
				CLANG_WARN_COMMA = YES;
				CLANG_WARN_CONSTANT_CONVERSION = YES;
				CLANG_WARN_DEPRECATED_OBJC_IMPLEMENTATIONS = YES;
				CLANG_WARN_DIRECT_OBJC_ISA_USAGE = YES_ERROR;
				CLANG_WARN_DOCUMENTATION_COMMENTS = YES;
				CLANG_WARN_EMPTY_BODY = YES;
				CLANG_WARN_ENUM_CONVERSION = YES;
				CLANG_WARN_INFINITE_RECURSION = YES;
				CLANG_WARN_INT_CONVERSION = YES;
				CLANG_WARN_NON_LITERAL_NULL_CONVERSION = YES;
				CLANG_WARN_OBJC_IMPLICIT_RETAIN_SELF = YES;
				CLANG_WARN_OBJC_LITERAL_CONVERSION = YES;
				CLANG_WARN_OBJC_ROOT_CLASS = YES_ERROR;
				CLANG_WARN_RANGE_LOOP_ANALYSIS = YES;
				CLANG_WARN_STRICT_PROTOTYPES = YES;
				CLANG_WARN_SUSPICIOUS_MOVE = YES;
				CLANG_WARN_UNGUARDED_AVAILABILITY = YES_AGGRESSIVE;
				CLANG_WARN_UNREACHABLE_CODE = YES;
				CLANG_WARN__DUPLICATE_METHOD_MATCH = YES;
				CODE_SIGN_IDENTITY = "iPhone Developer";
				COPY_PHASE_STRIP = NO;
				DEBUG_INFORMATION_FORMAT = dwarf;
				ENABLE_STRICT_OBJC_MSGSEND = YES;
				ENABLE_TESTABILITY = YES;
				GCC_C_LANGUAGE_STANDARD = gnu11;
				GCC_DYNAMIC_NO_PIC = NO;
				GCC_NO_COMMON_BLOCKS = YES;
				GCC_OPTIMIZATION_LEVEL = 0;
				GCC_PREPROCESSOR_DEFINITIONS = (
					"DEBUG=1",
					"$(inherited)",
				);
				GCC_WARN_64_TO_32_BIT_CONVERSION = YES;
				GCC_WARN_ABOUT_RETURN_TYPE = YES_ERROR;
				GCC_WARN_UNDECLARED_SELECTOR = YES;
				GCC_WARN_UNINITIALIZED_AUTOS = YES_AGGRESSIVE;
				GCC_WARN_UNUSED_FUNCTION = YES;
				GCC_WARN_UNUSED_VARIABLE = YES;
				IPHONEOS_DEPLOYMENT_TARGET = 11.4;
				MTL_ENABLE_DEBUG_INFO = YES;
				ONLY_ACTIVE_ARCH = YES;
				SDKROOT = iphoneos;
			};
			name = Debug;
		};
		F7DC2239212F040700881809 /* Release */ = {
			isa = XCBuildConfiguration;
			buildSettings = {
				ALWAYS_SEARCH_USER_PATHS = NO;
				CLANG_ANALYZER_NONNULL = YES;
				CLANG_ANALYZER_NUMBER_OBJECT_CONVERSION = YES_AGGRESSIVE;
				CLANG_CXX_LANGUAGE_STANDARD = "gnu++14";
				CLANG_CXX_LIBRARY = "libc++";
				CLANG_ENABLE_MODULES = YES;
				CLANG_ENABLE_OBJC_ARC = YES;
				CLANG_ENABLE_OBJC_WEAK = YES;
				CLANG_WARN_BLOCK_CAPTURE_AUTORELEASING = YES;
				CLANG_WARN_BOOL_CONVERSION = YES;
				CLANG_WARN_COMMA = YES;
				CLANG_WARN_CONSTANT_CONVERSION = YES;
				CLANG_WARN_DEPRECATED_OBJC_IMPLEMENTATIONS = YES;
				CLANG_WARN_DIRECT_OBJC_ISA_USAGE = YES_ERROR;
				CLANG_WARN_DOCUMENTATION_COMMENTS = YES;
				CLANG_WARN_EMPTY_BODY = YES;
				CLANG_WARN_ENUM_CONVERSION = YES;
				CLANG_WARN_INFINITE_RECURSION = YES;
				CLANG_WARN_INT_CONVERSION = YES;
				CLANG_WARN_NON_LITERAL_NULL_CONVERSION = YES;
				CLANG_WARN_OBJC_IMPLICIT_RETAIN_SELF = YES;
				CLANG_WARN_OBJC_LITERAL_CONVERSION = YES;
				CLANG_WARN_OBJC_ROOT_CLASS = YES_ERROR;
				CLANG_WARN_RANGE_LOOP_ANALYSIS = YES;
				CLANG_WARN_STRICT_PROTOTYPES = YES;
				CLANG_WARN_SUSPICIOUS_MOVE = YES;
				CLANG_WARN_UNGUARDED_AVAILABILITY = YES_AGGRESSIVE;
				CLANG_WARN_UNREACHABLE_CODE = YES;
				CLANG_WARN__DUPLICATE_METHOD_MATCH = YES;
				CODE_SIGN_IDENTITY = "iPhone Developer";
				COPY_PHASE_STRIP = NO;
				DEBUG_INFORMATION_FORMAT = "dwarf-with-dsym";
				ENABLE_NS_ASSERTIONS = NO;
				ENABLE_STRICT_OBJC_MSGSEND = YES;
				GCC_C_LANGUAGE_STANDARD = gnu11;
				GCC_NO_COMMON_BLOCKS = YES;
				GCC_WARN_64_TO_32_BIT_CONVERSION = YES;
				GCC_WARN_ABOUT_RETURN_TYPE = YES_ERROR;
				GCC_WARN_UNDECLARED_SELECTOR = YES;
				GCC_WARN_UNINITIALIZED_AUTOS = YES_AGGRESSIVE;
				GCC_WARN_UNUSED_FUNCTION = YES;
				GCC_WARN_UNUSED_VARIABLE = YES;
				IPHONEOS_DEPLOYMENT_TARGET = 11.4;
				MTL_ENABLE_DEBUG_INFO = NO;
				SDKROOT = iphoneos;
				VALIDATE_PRODUCT = YES;
			};
			name = Release;
		};
		F7DC223B212F040700881809 /* Debug */ = {
			isa = XCBuildConfiguration;
			buildSettings = {
				ASSETCATALOG_COMPILER_APPICON_NAME = AppIcon;
				CODE_SIGN_STYLE = Automatic;
				DEVELOPMENT_TEAM = 48J8UJB93W;
				GCC_PREFIX_HEADER = "$(SRCROOT)/Demo/macro/MacroDefinition.h";
				INFOPLIST_FILE = "$(SRCROOT)/Demo/other/Info.plist";
				IPHONEOS_DEPLOYMENT_TARGET = 8.0;
				LD_RUNPATH_SEARCH_PATHS = (
					"$(inherited)",
					"@executable_path/Frameworks",
				);
				PRODUCT_BUNDLE_IDENTIFIER = TF.Demo;
				PRODUCT_NAME = "$(TARGET_NAME)";
				TARGETED_DEVICE_FAMILY = 1;
			};
			name = Debug;
		};
		F7DC223C212F040700881809 /* Release */ = {
			isa = XCBuildConfiguration;
			buildSettings = {
				ASSETCATALOG_COMPILER_APPICON_NAME = AppIcon;
				CODE_SIGN_STYLE = Automatic;
				DEVELOPMENT_TEAM = 48J8UJB93W;
				GCC_PREFIX_HEADER = "$(SRCROOT)/Demo/macro/MacroDefinition.h";
				INFOPLIST_FILE = "$(SRCROOT)/Demo/other/Info.plist";
				IPHONEOS_DEPLOYMENT_TARGET = 8.0;
				LD_RUNPATH_SEARCH_PATHS = (
					"$(inherited)",
					"@executable_path/Frameworks",
				);
				PRODUCT_BUNDLE_IDENTIFIER = TF.Demo;
				PRODUCT_NAME = "$(TARGET_NAME)";
				TARGETED_DEVICE_FAMILY = 1;
			};
			name = Release;
		};
/* End XCBuildConfiguration section */

/* Begin XCConfigurationList section */
		F7DC221F212F040500881809 /* Build configuration list for PBXProject "Demo" */ = {
			isa = XCConfigurationList;
			buildConfigurations = (
				F7DC2238212F040700881809 /* Debug */,
				F7DC2239212F040700881809 /* Release */,
			);
			defaultConfigurationIsVisible = 0;
			defaultConfigurationName = Release;
		};
		F7DC223A212F040700881809 /* Build configuration list for PBXNativeTarget "Demo" */ = {
			isa = XCConfigurationList;
			buildConfigurations = (
				F7DC223B212F040700881809 /* Debug */,
				F7DC223C212F040700881809 /* Release */,
			);
			defaultConfigurationIsVisible = 0;
			defaultConfigurationName = Release;
		};
/* End XCConfigurationList section */
	};
	rootObject = F7DC221C212F040500881809 /* Project object */;
}
